
Microsoft Visual Studio Solution File, Format Version 12.00
# Visual Studio Version 17
VisualStudioVersion = 17.6.33815.320
MinimumVisualStudioVersion = 10.0.40219.1
Project("{FAE04EC0-301F-11D3-BF4B-00C04F79EFBC}") = "millennium-silent", "millennium-silent\millennium-silent.csproj", "{02ED759A-25F0-4F2C-AE7D-56C5FC2B6B5D}"
EndProject
Global
	GlobalSection(SolutionConfigurationPlatforms) = preSolution
		Debug|Any CPU = Debug|Any CPU
		Release|Any CPU = Release|Any CPU
	EndGlobalSection
	GlobalSection(ProjectConfigurationPlatforms) = postSolution
		{02ED759A-25F0-4F2C-AE7D-56C5FC2B6B5D}.Debug|Any CPU.ActiveCfg = Debug|Any CPU
		{02ED759A-25F0-4F2C-AE7D-56C5FC2B6B5D}.Debug|Any CPU.Build.0 = Debug|Any CPU
		{02ED759A-25F0-4F2C-AE7D-56C5FC2B6B5D}.Release|Any CPU.ActiveCfg = Release|Any CPU
		{02ED759A-25F0-4F2C-AE7D-56C5FC2B6B5D}.Release|Any CPU.Build.0 = Release|Any CPU
	EndGlobalSection
	GlobalSection(SolutionProperties) = preSolution
		HideSolutionNode = FALSE
	EndGlobalSection
	GlobalSection(ExtensibilityGlobals) = postSolution
		SolutionGuid = {83AF142D-37DA-4BE8-BA0E-4A51BC9ACE5C}
	EndGlobalSection
EndGlobal
