{
  "lockfileVersion": 1,
  "configVersion": 1,
  "workspaces": {
    "": {
      "name": "millennium-plugin",
      "devDependencies": {
        "@steambrew/api": "link:@steambrew/api",
        "@steambrew/client": "link:@steambrew/client",
        "@steambrew/ttc": "link:@steambrew/ttc",
        "@steambrew/webkit": "link:@steambrew/webkit",
        "@types/react": "19.1.1",
        "@types/react-dom": "19.1.1",
      },
    },
  },
  "packages": {
    "@steambrew/api": ["@steambrew/api@link:@steambrew/api", {}],

    "@steambrew/client": ["@steambrew/client@link:@steambrew/client", {}],

    "@steambrew/ttc": ["@steambrew/ttc@link:@steambrew/ttc", { "bin": { "millennium-ttc": "dist/index.js" } }],

    "@steambrew/webkit": ["@steambrew/webkit@link:@steambrew/webkit", {}],

    "@types/react": ["@types/react@19.1.1", "", { "dependencies": { "csstype": "^3.0.2" } }, "sha512-ePapxDL7qrgqSF67s0h9m412d9DbXyC1n59O2st+9rjuuamWsZuD2w55rqY12CbzsZ7uVXb5Nw0gEp9Z8MMutQ=="],

    "@types/react-dom": ["@types/react-dom@19.1.1", "", { "peerDependencies": { "@types/react": "^19.0.0" } }, "sha512-jFf/woGTVTjUJsl2O7hcopJ1r0upqoq/vIOoCj0yLh3RIXxWcljlpuZ+vEBRXsymD1jhfeJrlyTy/S1UW+4y1w=="],

    "csstype": ["csstype@3.2.3", "", {}, "sha512-z1HGKcYy2xA8AGQfwrn0PAy+PB7X/GSj3UVJW9qKyn43xWa+gl5nXmU4qqLMRzWVLFC8KusUX8T/0kCiOYpAIQ=="],
  }
}
