{
  "nodes": {
    "millennium-src": {
      "flake": false,
      "locked": {
        "lastModified": 1782165630,
        "narHash": "sha256-XiJVJIiUrWX1f0x7BBd6dPlrUSwQwMry6SH9JQyU+Kk=",
        "owner": "SteamClientHomebrew",
        "repo": "Millennium",
        "rev": "e6d8dd283359daeb6b1809cef2d453555b7d7b1e",
        "type": "github"
      },
      "original": {
        "owner": "SteamClientHomebrew",
        "repo": "Millennium",
        "rev": "e6d8dd283359daeb6b1809cef2d453555b7d7b1e",
        "type": "github"
      }
    },
    "nixpkgs": {
      "locked": {
        "lastModified": 1781577229,
        "narHash": "sha256-lrp67w8AulE9Ks53n27I45ADSzbOCn4H+CNW1Ck8B+8=",
        "owner": "nixos",
        "repo": "nixpkgs",
        "rev": "567a49d1913ce81ac6e9582e3553dd90a955875f",
        "type": "github"
      },
      "original": {
        "owner": "nixos",
        "repo": "nixpkgs",
        "rev": "567a49d1913ce81ac6e9582e3553dd90a955875f",
        "type": "github"
      }
    },
    "root": {
      "inputs": {
        "millennium-src": "millennium-src",
        "nixpkgs": "nixpkgs"
      }
    }
  },
  "root": "root",
  "version": 7
}
