{
  "nodes": {
    "millennium-src": {
      "flake": false,
      "locked": {
        "lastModified": 1782701549,
        "narHash": "sha256-UTCP/BVbSzN/kaAiOSRsIRt8cl/guRCHQ0Y5Rte9+AU=",
        "owner": "SteamClientHomebrew",
        "repo": "Millennium",
        "rev": "94c9a408459dd1712809cbef1271f10f92e3fa9e",
        "type": "github"
      },
      "original": {
        "owner": "SteamClientHomebrew",
        "repo": "Millennium",
        "rev": "94c9a408459dd1712809cbef1271f10f92e3fa9e",
        "type": "github"
      }
    },
    "nixpkgs": {
      "locked": {
        "lastModified": 1781577229,
        "narHash": "sha256-lrp67w8AulE9Ks53n27I45ADSzbOCn4H+CNW1Ck8B+8=",
        "owner": "nixos",
        "repo": "nixpkgs",
        "rev": "567a49d1913ce81ac6e9582e3553dd90a955875f",
        "type": "github"
      },
      "original": {
        "owner": "nixos",
        "repo": "nixpkgs",
        "rev": "567a49d1913ce81ac6e9582e3553dd90a955875f",
        "type": "github"
      }
    },
    "root": {
      "inputs": {
        "millennium-src": "millennium-src",
        "nixpkgs": "nixpkgs"
      }
    }
  },
  "root": "root",
  "version": 7
}
