<?xml version="1.0" encoding="utf-8"?>
<Project ToolsVersion="4.0" xmlns="http://schemas.microsoft.com/developer/msbuild/2003">
  <ItemGroup>
    <Filter Include="Source Files">
      <UniqueIdentifier>{4FC737F1-C7A5-4376-A066-2A32D752A2FF}</UniqueIdentifier>
      <Extensions>cpp;c;cc;cxx;c++;cppm;ixx;def;odl;idl;hpj;bat;asm;asmx</Extensions>
    </Filter>
    <Filter Include="Header Files">
      <UniqueIdentifier>{93995380-89BD-4b04-88EB-625FBE52EBFB}</UniqueIdentifier>
      <Extensions>h;hh;hpp;hxx;h++;hm;inl;inc;ipp;xsd</Extensions>
    </Filter>
    <Filter Include="Resource Files">
      <UniqueIdentifier>{67DA6AB6-F800-4c08-8B7A-83BB121AAD01}</UniqueIdentifier>
      <Extensions>rc;ico;cur;bmp;dlg;rc2;rct;bin;rgs;gif;jpg;jpeg;jpe;resx;tiff;tif;png;wav;mfcribbon-ms</Extensions>
    </Filter>
  </ItemGroup>
  <ItemGroup>
    <ClInclude Include="scripts\resource.h">
      <Filter>Header Files</Filter>
    </ClInclude>
    <ClInclude Include="stdafx.h">
      <Filter>Header Files</Filter>
    </ClInclude>
    <ClInclude Include="core\injector\event_handler.hpp">
      <Filter>Header Files</Filter>
    </ClInclude>
    <ClInclude Include="core\ipc\steam_pipe.hpp">
      <Filter>Header Files</Filter>
    </ClInclude>
    <ClInclude Include="core\steam\application.hpp">
      <Filter>Header Files</Filter>
    </ClInclude>
    <ClInclude Include="core\steam\cef_manager.hpp">
      <Filter>Header Files</Filter>
    </ClInclude>
    <ClInclude Include="window\imgui\imconfig.h">
      <Filter>Header Files</Filter>
    </ClInclude>
    <ClInclude Include="window\imgui\imgui.h">
      <Filter>Header Files</Filter>
    </ClInclude>
    <ClInclude Include="window\imgui\imgui_impl_dx9.h">
      <Filter>Header Files</Filter>
    </ClInclude>
    <ClInclude Include="window\imgui\imgui_impl_win32.h">
      <Filter>Header Files</Filter>
    </ClInclude>
    <ClInclude Include="window\imgui\imgui_internal.h">
      <Filter>Header Files</Filter>
    </ClInclude>
    <ClInclude Include="window\imgui\imstb_rectpack.h">
      <Filter>Header Files</Filter>
    </ClInclude>
    <ClInclude Include="window\imgui\imstb_textedit.h">
      <Filter>Header Files</Filter>
    </ClInclude>
    <ClInclude Include="window\imgui\imstb_truetype.h">
      <Filter>Header Files</Filter>
    </ClInclude>
    <ClInclude Include="window\core\memory.h">
      <Filter>Header Files</Filter>
    </ClInclude>
    <ClInclude Include="window\core\window.hpp">
      <Filter>Header Files</Filter>
    </ClInclude>
    <ClInclude Include="window\win_handler.hpp">
      <Filter>Header Files</Filter>
    </ClInclude>
    <ClInclude Include="utils\http\http_client.hpp">
      <Filter>Header Files</Filter>
    </ClInclude>
    <ClInclude Include="utils\config\config.hpp">
      <Filter>Header Files</Filter>
    </ClInclude>
    <ClInclude Include="utils\json.hpp">
      <Filter>Header Files</Filter>
    </ClInclude>
    <ClInclude Include="utils\cout\logger.hpp">
      <Filter>Header Files</Filter>
    </ClInclude>
    <ClInclude Include="window\api\api.hpp">
      <Filter>Header Files</Filter>
    </ClInclude>
    <ClInclude Include="window\core\dx9_image.hpp">
      <Filter>Header Files</Filter>
    </ClInclude>
    <ClInclude Include="window\interface\globals.h">
      <Filter>Header Files</Filter>
    </ClInclude>
    <ClInclude Include="utils\base64.hpp">
      <Filter>Header Files</Filter>
    </ClInclude>
    <ClInclude Include="utils\thread\thread_handler.hpp">
      <Filter>Header Files</Filter>
    </ClInclude>
    <ClInclude Include="window\api\installer.hpp">
      <Filter>Header Files</Filter>
    </ClInclude>
    <ClInclude Include="window\core\colors.hpp">
      <Filter>Header Files</Filter>
    </ClInclude>
    <ClInclude Include="core\steam\colors\accent_colors.hpp">
      <Filter>Header Files</Filter>
    </ClInclude>
    <ClInclude Include="core\injector\startup\welcome_modal.hpp">
      <Filter>Header Files</Filter>
    </ClInclude>
    <ClInclude Include="core\ipc\ipc_main.hpp">
      <Filter>Header Files</Filter>
    </ClInclude>
    <ClInclude Include="metrics.hpp">
      <Filter>Header Files</Filter>
    </ClInclude>
    <ClInclude Include="core\injector\startup\bootstrap.hpp">
      <Filter>Header Files</Filter>
    </ClInclude>
    <ClInclude Include="utils\updater\update.hpp">
      <Filter>Header Files</Filter>
    </ClInclude>
  </ItemGroup>
  <ItemGroup>
    <ClCompile Include="dllmain.cpp">
      <Filter>Source Files</Filter>
    </ClCompile>
    <ClCompile Include="core\injector\event_handler.cpp">
      <Filter>Source Files</Filter>
    </ClCompile>
    <ClCompile Include="core\steam\cef_manager.cpp">
      <Filter>Source Files</Filter>
    </ClCompile>
    <ClCompile Include="window\imgui\imgui.cpp">
      <Filter>Source Files</Filter>
    </ClCompile>
    <ClCompile Include="window\imgui\imgui_demo.cpp">
      <Filter>Source Files</Filter>
    </ClCompile>
    <ClCompile Include="window\imgui\imgui_draw.cpp">
      <Filter>Source Files</Filter>
    </ClCompile>
    <ClCompile Include="window\imgui\imgui_impl_dx9.cpp">
      <Filter>Source Files</Filter>
    </ClCompile>
    <ClCompile Include="window\imgui\imgui_impl_win32.cpp">
      <Filter>Source Files</Filter>
    </ClCompile>
    <ClCompile Include="window\imgui\imgui_tables.cpp">
      <Filter>Source Files</Filter>
    </ClCompile>
    <ClCompile Include="window\imgui\imgui_widgets.cpp">
      <Filter>Source Files</Filter>
    </ClCompile>
    <ClCompile Include="window\core\window.cpp">
      <Filter>Source Files</Filter>
    </ClCompile>
    <ClCompile Include="window\win_handler.cpp">
      <Filter>Source Files</Filter>
    </ClCompile>
    <ClCompile Include="utils\http\http_client.cpp">
      <Filter>Source Files</Filter>
    </ClCompile>
    <ClCompile Include="utils\config\config.cpp">
      <Filter>Source Files</Filter>
    </ClCompile>
    <ClCompile Include="utils\cout\logger.cpp">
      <Filter>Source Files</Filter>
    </ClCompile>
    <ClCompile Include="window\core\dx9_image.cpp">
      <Filter>Source Files</Filter>
    </ClCompile>
    <ClCompile Include="window\api\api.cpp">
      <Filter>Source Files</Filter>
    </ClCompile>
    <ClCompile Include="window\interface\globals.cpp">
      <Filter>Source Files</Filter>
    </ClCompile>
    <ClCompile Include="utils\thread\thread_handler.cpp">
      <Filter>Source Files</Filter>
    </ClCompile>
    <ClCompile Include="window\api\installer.cpp">
      <Filter>Source Files</Filter>
    </ClCompile>
    <ClCompile Include="window\core\colors.cpp">
      <Filter>Source Files</Filter>
    </ClCompile>
    <ClCompile Include="core\injector\startup\welcome_modal.cpp">
      <Filter>Source Files</Filter>
    </ClCompile>
    <ClCompile Include="core\ipc\ipc_main.cpp">
      <Filter>Source Files</Filter>
    </ClCompile>
    <ClCompile Include="metrics.cpp">
      <Filter>Source Files</Filter>
    </ClCompile>
    <ClCompile Include="stdafx.cpp">
      <Filter>Source Files</Filter>
    </ClCompile>
    <ClCompile Include="core\injector\startup\bootstrap.cpp">
      <Filter>Source Files</Filter>
    </ClCompile>
    <ClCompile Include="utils\updater\update.cpp">
      <Filter>Source Files</Filter>
    </ClCompile>
  </ItemGroup>
  <ItemGroup>
    <ResourceCompile Include="scripts\Resource.rc">
      <Filter>Resource Files</Filter>
    </ResourceCompile>
  </ItemGroup>
</Project>