<?xml version="1.0" encoding="utf-8"?>
<Project ToolsVersion="4.0" xmlns="http://schemas.microsoft.com/developer/msbuild/2003">
  <ItemGroup>
    <Filter Include="Source Files">
      <UniqueIdentifier>{4FC737F1-C7A5-4376-A066-2A32D752A2FF}</UniqueIdentifier>
      <Extensions>cpp;c;cc;cxx;c++;cppm;ixx;def;odl;idl;hpj;bat;asm;asmx</Extensions>
    </Filter>
    <Filter Include="Header Files">
      <UniqueIdentifier>{93995380-89BD-4b04-88EB-625FBE52EBFB}</UniqueIdentifier>
      <Extensions>h;hh;hpp;hxx;h++;hm;inl;inc;ipp;xsd</Extensions>
    </Filter>
    <Filter Include="Resource Files">
      <UniqueIdentifier>{67DA6AB6-F800-4c08-8B7A-83BB121AAD01}</UniqueIdentifier>
      <Extensions>rc;ico;cur;bmp;dlg;rc2;rct;bin;rgs;gif;jpg;jpeg;jpe;resx;tiff;tif;png;wav;mfcribbon-ms</Extensions>
    </Filter>
  </ItemGroup>
  <ItemGroup>
    <ClInclude Include="scripts\resource.h">
      <Filter>Header Files</Filter>
    </ClInclude>
    <ClInclude Include="stdafx.h">
      <Filter>Header Files</Filter>
    </ClInclude>
    <ClInclude Include="core\injector\event_handler.hpp">
      <Filter>Header Files</Filter>
    </ClInclude>
    <ClInclude Include="core\steam\application.hpp">
      <Filter>Header Files</Filter>
    </ClInclude>
    <ClInclude Include="core\steam\cef_manager.hpp">
      <Filter>Header Files</Filter>
    </ClInclude>
    <ClInclude Include="window\win_handler.hpp">
      <Filter>Header Files</Filter>
    </ClInclude>
    <ClInclude Include="utils\http\http_client.hpp">
      <Filter>Header Files</Filter>
    </ClInclude>
    <ClInclude Include="utils\config\config.hpp">
      <Filter>Header Files</Filter>
    </ClInclude>
    <ClInclude Include="utils\json.hpp">
      <Filter>Header Files</Filter>
    </ClInclude>
    <ClInclude Include="utils\cout\logger.hpp">
      <Filter>Header Files</Filter>
    </ClInclude>
    <ClInclude Include="window\interface\globals.h">
      <Filter>Header Files</Filter>
    </ClInclude>
    <ClInclude Include="utils\base64.hpp">
      <Filter>Header Files</Filter>
    </ClInclude>
    <ClInclude Include="utils\thread\thread_handler.hpp">
      <Filter>Header Files</Filter>
    </ClInclude>
    <ClInclude Include="window\api\installer.hpp">
      <Filter>Header Files</Filter>
    </ClInclude>
    <ClInclude Include="window\core\colors.hpp">
      <Filter>Header Files</Filter>
    </ClInclude>
    <ClInclude Include="core\steam\colors\accent_colors.hpp">
      <Filter>Header Files</Filter>
    </ClInclude>
    <ClInclude Include="core\injector\startup\welcome_modal.hpp">
      <Filter>Header Files</Filter>
    </ClInclude>
    <ClInclude Include="core\ipc\ipc_main.hpp">
      <Filter>Header Files</Filter>
    </ClInclude>
    <ClInclude Include="utils\io\metrics.hpp">
      <Filter>Header Files</Filter>
    </ClInclude>
    <ClInclude Include="core\injector\startup\bootstrap.hpp">
      <Filter>Header Files</Filter>
    </ClInclude>
    <ClInclude Include="utils\updater\update.hpp">
      <Filter>Header Files</Filter>
    </ClInclude>
    <ClInclude Include="window\interface_v2\editor.hpp">
      <Filter>Header Files</Filter>
    </ClInclude>
    <ClInclude Include="window\interface_v2\settings.hpp">
      <Filter>Header Files</Filter>
    </ClInclude>
    <ClInclude Include="utils\clr\platform.hpp">
      <Filter>Header Files</Filter>
    </ClInclude>
    <ClInclude Include="core\steam\window\manager.hpp">
      <Filter>Header Files</Filter>
    </ClInclude>
    <ClInclude Include="core\steam\window\types\system_backdrop_type.hpp">
      <Filter>Header Files</Filter>
    </ClInclude>
    <ClInclude Include="core\steam\window\types\corners.hpp">
      <Filter>Header Files</Filter>
    </ClInclude>
    <ClInclude Include="core\steam\window\types\accent_api.hpp">
      <Filter>Header Files</Filter>
    </ClInclude>
    <ClInclude Include="core\injector\conditions\conditionals.hpp">
      <Filter>Header Files</Filter>
    </ClInclude>
    <ClInclude Include="utils\io\input-output.hpp">
      <Filter>Header Files</Filter>
    </ClInclude>
    <ClInclude Include="core\ipc\handlers\types.hpp">
      <Filter>Header Files</Filter>
    </ClInclude>
    <ClInclude Include="scripts\sdk\sdk.hpp">
      <Filter>Header Files</Filter>
    </ClInclude>
    <ClInclude Include="utils\io\ports.hpp">
      <Filter>Header Files</Filter>
    </ClInclude>
  </ItemGroup>
  <ItemGroup>
    <ClCompile Include="main.cpp">
      <Filter>Source Files</Filter>
    </ClCompile>
    <ClCompile Include="core\injector\event_handler.cpp">
      <Filter>Source Files</Filter>
    </ClCompile>
    <ClCompile Include="core\steam\cef_manager.cpp">
      <Filter>Source Files</Filter>
    </ClCompile>
    <ClCompile Include="utils\http\http_client.cpp">
      <Filter>Source Files</Filter>
    </ClCompile>
    <ClCompile Include="utils\config\config.cpp">
      <Filter>Source Files</Filter>
    </ClCompile>
    <ClCompile Include="utils\cout\logger.cpp">
      <Filter>Source Files</Filter>
    </ClCompile>
    <ClCompile Include="window\interface\globals.cpp">
      <Filter>Source Files</Filter>
    </ClCompile>
    <ClCompile Include="utils\thread\thread_handler.cpp">
      <Filter>Source Files</Filter>
    </ClCompile>
    <ClCompile Include="window\api\installer.cpp">
      <Filter>Source Files</Filter>
    </ClCompile>
    <ClCompile Include="window\core\colors.cpp">
      <Filter>Source Files</Filter>
    </ClCompile>
    <ClCompile Include="core\injector\startup\welcome_modal.cpp">
      <Filter>Source Files</Filter>
    </ClCompile>
    <ClCompile Include="core\ipc\ipc_main.cpp">
      <Filter>Source Files</Filter>
    </ClCompile>
    <ClCompile Include="utils\io\metrics.cpp">
      <Filter>Source Files</Filter>
    </ClCompile>
    <ClCompile Include="stdafx.cpp">
      <Filter>Source Files</Filter>
    </ClCompile>
    <ClCompile Include="core\injector\startup\bootstrap.cpp">
      <Filter>Source Files</Filter>
    </ClCompile>
    <ClCompile Include="utils\updater\update.cpp">
      <Filter>Source Files</Filter>
    </ClCompile>
    <ClCompile Include="window\interface_v2\editor.cpp">
      <Filter>Source Files</Filter>
    </ClCompile>
    <ClCompile Include="window\interface_v2\settings.cpp">
      <Filter>Source Files</Filter>
    </ClCompile>
    <ClCompile Include="utils\clr\platform.cpp">
      <Filter>Source Files</Filter>
    </ClCompile>
    <ClCompile Include="core\steam\window\manager.cpp">
      <Filter>Source Files</Filter>
    </ClCompile>
    <ClCompile Include="core\injector\conditions\conditionals.cpp">
      <Filter>Source Files</Filter>
    </ClCompile>
    <ClCompile Include="utils\io\input-output.cpp">
      <Filter>Source Files</Filter>
    </ClCompile>
    <ClCompile Include="core\ipc\handlers\cor.cpp">
      <Filter>Source Files</Filter>
    </ClCompile>
    <ClCompile Include="scripts\sdk\sdk.cpp">
      <Filter>Source Files</Filter>
    </ClCompile>
    <ClCompile Include="utils\io\ports.cpp">
      <Filter>Source Files</Filter>
    </ClCompile>
  </ItemGroup>
  <ItemGroup>
    <ResourceCompile Include="scripts\Resource.rc">
      <Filter>Resource Files</Filter>
    </ResourceCompile>
  </ItemGroup>
  <ItemGroup>
    <None Include="scripts\resource.bin">
      <Filter>Resource Files</Filter>
    </None>
  </ItemGroup>
</Project>